
Microsoft Visual Studio Solution File, Format Version 12.00
# Visual Studio Version 17
VisualStudioVersion = 17.0.31903.59
MinimumVisualStudioVersion = 10.0.40219.1
Project("{2150E333-8FDC-42A3-9474-1A3956D46DE8}") = "src", "src", "{827E0CD3-B72D-47B6-A68D-7590B98EB39B}"
EndProject
Project("{FAE04EC0-301F-11D3-BF4B-00C04F79EFBC}") = "ReviewOps.Domain", "src\ReviewOps.Domain\ReviewOps.Domain.csproj", "{8DED7314-E9BE-44E2-A539-216E78B8C990}"
EndProject
Project("{FAE04EC0-301F-11D3-BF4B-00C04F79EFBC}") = "ReviewOps.Contracts", "src\ReviewOps.Contracts\ReviewOps.Contracts.csproj", "{67BE19F4-1DE1-4269-BE86-AFCA0C95EBE1}"
EndProject
Project("{FAE04EC0-301F-11D3-BF4B-00C04F79EFBC}") = "ReviewOps.Application", "src\ReviewOps.Application\ReviewOps.Application.csproj", "{CDF31619-DB1B-4638-94AB-A1AB1FA67E9F}"
EndProject
Project("{FAE04EC0-301F-11D3-BF4B-00C04F79EFBC}") = "ReviewOps.Infrastructure", "src\ReviewOps.Infrastructure\ReviewOps.Infrastructure.csproj", "{6566C9A6-48A3-4DBE-A236-49C34CE2CF1C}"
EndProject
Project("{FAE04EC0-301F-11D3-BF4B-00C04F79EFBC}") = "ReviewOps.Api", "src\ReviewOps.Api\ReviewOps.Api.csproj", "{231DE075-97D3-441A-AD7B-F49C0D099CF4}"
EndProject
Project("{FAE04EC0-301F-11D3-BF4B-00C04F79EFBC}") = "ReviewOps.Worker", "src\ReviewOps.Worker\ReviewOps.Worker.csproj", "{FF782290-EF3A-4172-9F17-6CE3A8281C71}"
EndProject
Project("{2150E333-8FDC-42A3-9474-1A3956D46DE8}") = "tests", "tests", "{0AB3BF05-4346-4AA6-1389-037BE0695223}"
EndProject
Project("{FAE04EC0-301F-11D3-BF4B-00C04F79EFBC}") = "ReviewOps.UnitTests", "tests\ReviewOps.UnitTests\ReviewOps.UnitTests.csproj", "{52FAD8EC-BFDC-42AF-9A4F-77DCFD76412B}"
EndProject
Project("{FAE04EC0-301F-11D3-BF4B-00C04F79EFBC}") = "ReviewOps.IntegrationTests", "tests\ReviewOps.IntegrationTests\ReviewOps.IntegrationTests.csproj", "{82493FD1-3FF6-4DA9-B3A0-35C52EF441EE}"
EndProject
Project("{FAE04EC0-301F-11D3-BF4B-00C04F79EFBC}") = "ReviewOps.ArchitectureTests", "tests\ReviewOps.ArchitectureTests\ReviewOps.ArchitectureTests.csproj", "{7E2BBC37-1BD7-478E-A5E1-43D2A3D155CD}"
EndProject
Global
	GlobalSection(SolutionConfigurationPlatforms) = preSolution
		Debug|Any CPU = Debug|Any CPU
		Debug|x64 = Debug|x64
		Debug|x86 = Debug|x86
		Release|Any CPU = Release|Any CPU
		Release|x64 = Release|x64
		Release|x86 = Release|x86
	EndGlobalSection
	GlobalSection(ProjectConfigurationPlatforms) = postSolution
		{8DED7314-E9BE-44E2-A539-216E78B8C990}.Debug|Any CPU.ActiveCfg = Debug|Any CPU
		{8DED7314-E9BE-44E2-A539-216E78B8C990}.Debug|Any CPU.Build.0 = Debug|Any CPU
		{8DED7314-E9BE-44E2-A539-216E78B8C990}.Debug|x64.ActiveCfg = Debug|Any CPU
		{8DED7314-E9BE-44E2-A539-216E78B8C990}.Debug|x64.Build.0 = Debug|Any CPU
		{8DED7314-E9BE-44E2-A539-216E78B8C990}.Debug|x86.ActiveCfg = Debug|Any CPU
		{8DED7314-E9BE-44E2-A539-216E78B8C990}.Debug|x86.Build.0 = Debug|Any CPU
		{8DED7314-E9BE-44E2-A539-216E78B8C990}.Release|Any CPU.ActiveCfg = Release|Any CPU
		{8DED7314-E9BE-44E2-A539-216E78B8C990}.Release|Any CPU.Build.0 = Release|Any CPU
		{8DED7314-E9BE-44E2-A539-216E78B8C990}.Release|x64.ActiveCfg = Release|Any CPU
		{8DED7314-E9BE-44E2-A539-216E78B8C990}.Release|x64.Build.0 = Release|Any CPU
		{8DED7314-E9BE-44E2-A539-216E78B8C990}.Release|x86.ActiveCfg = Release|Any CPU
		{8DED7314-E9BE-44E2-A539-216E78B8C990}.Release|x86.Build.0 = Release|Any CPU
		{67BE19F4-1DE1-4269-BE86-AFCA0C95EBE1}.Debug|Any CPU.ActiveCfg = Debug|Any CPU
		{67BE19F4-1DE1-4269-BE86-AFCA0C95EBE1}.Debug|Any CPU.Build.0 = Debug|Any CPU
		{67BE19F4-1DE1-4269-BE86-AFCA0C95EBE1}.Debug|x64.ActiveCfg = Debug|Any CPU
		{67BE19F4-1DE1-4269-BE86-AFCA0C95EBE1}.Debug|x64.Build.0 = Debug|Any CPU
		{67BE19F4-1DE1-4269-BE86-AFCA0C95EBE1}.Debug|x86.ActiveCfg = Debug|Any CPU
		{67BE19F4-1DE1-4269-BE86-AFCA0C95EBE1}.Debug|x86.Build.0 = Debug|Any CPU
		{67BE19F4-1DE1-4269-BE86-AFCA0C95EBE1}.Release|Any CPU.ActiveCfg = Release|Any CPU
		{67BE19F4-1DE1-4269-BE86-AFCA0C95EBE1}.Release|Any CPU.Build.0 = Release|Any CPU
		{67BE19F4-1DE1-4269-BE86-AFCA0C95EBE1}.Release|x64.ActiveCfg = Release|Any CPU
		{67BE19F4-1DE1-4269-BE86-AFCA0C95EBE1}.Release|x64.Build.0 = Release|Any CPU
		{67BE19F4-1DE1-4269-BE86-AFCA0C95EBE1}.Release|x86.ActiveCfg = Release|Any CPU
		{67BE19F4-1DE1-4269-BE86-AFCA0C95EBE1}.Release|x86.Build.0 = Release|Any CPU
		{CDF31619-DB1B-4638-94AB-A1AB1FA67E9F}.Debug|Any CPU.ActiveCfg = Debug|Any CPU
		{CDF31619-DB1B-4638-94AB-A1AB1FA67E9F}.Debug|Any CPU.Build.0 = Debug|Any CPU
		{CDF31619-DB1B-4638-94AB-A1AB1FA67E9F}.Debug|x64.ActiveCfg = Debug|Any CPU
		{CDF31619-DB1B-4638-94AB-A1AB1FA67E9F}.Debug|x64.Build.0 = Debug|Any CPU
		{CDF31619-DB1B-4638-94AB-A1AB1FA67E9F}.Debug|x86.ActiveCfg = Debug|Any CPU
		{CDF31619-DB1B-4638-94AB-A1AB1FA67E9F}.Debug|x86.Build.0 = Debug|Any CPU
		{CDF31619-DB1B-4638-94AB-A1AB1FA67E9F}.Release|Any CPU.ActiveCfg = Release|Any CPU
		{CDF31619-DB1B-4638-94AB-A1AB1FA67E9F}.Release|Any CPU.Build.0 = Release|Any CPU
		{CDF31619-DB1B-4638-94AB-A1AB1FA67E9F}.Release|x64.ActiveCfg = Release|Any CPU
		{CDF31619-DB1B-4638-94AB-A1AB1FA67E9F}.Release|x64.Build.0 = Release|Any CPU
		{CDF31619-DB1B-4638-94AB-A1AB1FA67E9F}.Release|x86.ActiveCfg = Release|Any CPU
		{CDF31619-DB1B-4638-94AB-A1AB1FA67E9F}.Release|x86.Build.0 = Release|Any CPU
		{6566C9A6-48A3-4DBE-A236-49C34CE2CF1C}.Debug|Any CPU.ActiveCfg = Debug|Any CPU
		{6566C9A6-48A3-4DBE-A236-49C34CE2CF1C}.Debug|Any CPU.Build.0 = Debug|Any CPU
		{6566C9A6-48A3-4DBE-A236-49C34CE2CF1C}.Debug|x64.ActiveCfg = Debug|Any CPU
		{6566C9A6-48A3-4DBE-A236-49C34CE2CF1C}.Debug|x64.Build.0 = Debug|Any CPU
		{6566C9A6-48A3-4DBE-A236-49C34CE2CF1C}.Debug|x86.ActiveCfg = Debug|Any CPU
		{6566C9A6-48A3-4DBE-A236-49C34CE2CF1C}.Debug|x86.Build.0 = Debug|Any CPU
		{6566C9A6-48A3-4DBE-A236-49C34CE2CF1C}.Release|Any CPU.ActiveCfg = Release|Any CPU
		{6566C9A6-48A3-4DBE-A236-49C34CE2CF1C}.Release|Any CPU.Build.0 = Release|Any CPU
		{6566C9A6-48A3-4DBE-A236-49C34CE2CF1C}.Release|x64.ActiveCfg = Release|Any CPU
		{6566C9A6-48A3-4DBE-A236-49C34CE2CF1C}.Release|x64.Build.0 = Release|Any CPU
		{6566C9A6-48A3-4DBE-A236-49C34CE2CF1C}.Release|x86.ActiveCfg = Release|Any CPU
		{6566C9A6-48A3-4DBE-A236-49C34CE2CF1C}.Release|x86.Build.0 = Release|Any CPU
		{231DE075-97D3-441A-AD7B-F49C0D099CF4}.Debug|Any CPU.ActiveCfg = Debug|Any CPU
		{231DE075-97D3-441A-AD7B-F49C0D099CF4}.Debug|Any CPU.Build.0 = Debug|Any CPU
		{231DE075-97D3-441A-AD7B-F49C0D099CF4}.Debug|x64.ActiveCfg = Debug|Any CPU
		{231DE075-97D3-441A-AD7B-F49C0D099CF4}.Debug|x64.Build.0 = Debug|Any CPU
		{231DE075-97D3-441A-AD7B-F49C0D099CF4}.Debug|x86.ActiveCfg = Debug|Any CPU
		{231DE075-97D3-441A-AD7B-F49C0D099CF4}.Debug|x86.Build.0 = Debug|Any CPU
		{231DE075-97D3-441A-AD7B-F49C0D099CF4}.Release|Any CPU.ActiveCfg = Release|Any CPU
		{231DE075-97D3-441A-AD7B-F49C0D099CF4}.Release|Any CPU.Build.0 = Release|Any CPU
		{231DE075-97D3-441A-AD7B-F49C0D099CF4}.Release|x64.ActiveCfg = Release|Any CPU
		{231DE075-97D3-441A-AD7B-F49C0D099CF4}.Release|x64.Build.0 = Release|Any CPU
		{231DE075-97D3-441A-AD7B-F49C0D099CF4}.Release|x86.ActiveCfg = Release|Any CPU
		{231DE075-97D3-441A-AD7B-F49C0D099CF4}.Release|x86.Build.0 = Release|Any CPU
		{FF782290-EF3A-4172-9F17-6CE3A8281C71}.Debug|Any CPU.ActiveCfg = Debug|Any CPU
		{FF782290-EF3A-4172-9F17-6CE3A8281C71}.Debug|Any CPU.Build.0 = Debug|Any CPU
		{FF782290-EF3A-4172-9F17-6CE3A8281C71}.Debug|x64.ActiveCfg = Debug|Any CPU
		{FF782290-EF3A-4172-9F17-6CE3A8281C71}.Debug|x64.Build.0 = Debug|Any CPU
		{FF782290-EF3A-4172-9F17-6CE3A8281C71}.Debug|x86.ActiveCfg = Debug|Any CPU
		{FF782290-EF3A-4172-9F17-6CE3A8281C71}.Debug|x86.Build.0 = Debug|Any CPU
		{FF782290-EF3A-4172-9F17-6CE3A8281C71}.Release|Any CPU.ActiveCfg = Release|Any CPU
		{FF782290-EF3A-4172-9F17-6CE3A8281C71}.Release|Any CPU.Build.0 = Release|Any CPU
		{FF782290-EF3A-4172-9F17-6CE3A8281C71}.Release|x64.ActiveCfg = Release|Any CPU
		{FF782290-EF3A-4172-9F17-6CE3A8281C71}.Release|x64.Build.0 = Release|Any CPU
		{FF782290-EF3A-4172-9F17-6CE3A8281C71}.Release|x86.ActiveCfg = Release|Any CPU
		{FF782290-EF3A-4172-9F17-6CE3A8281C71}.Release|x86.Build.0 = Release|Any CPU
		{52FAD8EC-BFDC-42AF-9A4F-77DCFD76412B}.Debug|Any CPU.ActiveCfg = Debug|Any CPU
		{52FAD8EC-BFDC-42AF-9A4F-77DCFD76412B}.Debug|Any CPU.Build.0 = Debug|Any CPU
		{52FAD8EC-BFDC-42AF-9A4F-77DCFD76412B}.Debug|x64.ActiveCfg = Debug|Any CPU
		{52FAD8EC-BFDC-42AF-9A4F-77DCFD76412B}.Debug|x64.Build.0 = Debug|Any CPU
		{52FAD8EC-BFDC-42AF-9A4F-77DCFD76412B}.Debug|x86.ActiveCfg = Debug|Any CPU
		{52FAD8EC-BFDC-42AF-9A4F-77DCFD76412B}.Debug|x86.Build.0 = Debug|Any CPU
		{52FAD8EC-BFDC-42AF-9A4F-77DCFD76412B}.Release|Any CPU.ActiveCfg = Release|Any CPU
		{52FAD8EC-BFDC-42AF-9A4F-77DCFD76412B}.Release|Any CPU.Build.0 = Release|Any CPU
		{52FAD8EC-BFDC-42AF-9A4F-77DCFD76412B}.Release|x64.ActiveCfg = Release|Any CPU
		{52FAD8EC-BFDC-42AF-9A4F-77DCFD76412B}.Release|x64.Build.0 = Release|Any CPU
		{52FAD8EC-BFDC-42AF-9A4F-77DCFD76412B}.Release|x86.ActiveCfg = Release|Any CPU
		{52FAD8EC-BFDC-42AF-9A4F-77DCFD76412B}.Release|x86.Build.0 = Release|Any CPU
		{82493FD1-3FF6-4DA9-B3A0-35C52EF441EE}.Debug|Any CPU.ActiveCfg = Debug|Any CPU
		{82493FD1-3FF6-4DA9-B3A0-35C52EF441EE}.Debug|Any CPU.Build.0 = Debug|Any CPU
		{82493FD1-3FF6-4DA9-B3A0-35C52EF441EE}.Debug|x64.ActiveCfg = Debug|Any CPU
		{82493FD1-3FF6-4DA9-B3A0-35C52EF441EE}.Debug|x64.Build.0 = Debug|Any CPU
		{82493FD1-3FF6-4DA9-B3A0-35C52EF441EE}.Debug|x86.ActiveCfg = Debug|Any CPU
		{82493FD1-3FF6-4DA9-B3A0-35C52EF441EE}.Debug|x86.Build.0 = Debug|Any CPU
		{82493FD1-3FF6-4DA9-B3A0-35C52EF441EE}.Release|Any CPU.ActiveCfg = Release|Any CPU
		{82493FD1-3FF6-4DA9-B3A0-35C52EF441EE}.Release|Any CPU.Build.0 = Release|Any CPU
		{82493FD1-3FF6-4DA9-B3A0-35C52EF441EE}.Release|x64.ActiveCfg = Release|Any CPU
		{82493FD1-3FF6-4DA9-B3A0-35C52EF441EE}.Release|x64.Build.0 = Release|Any CPU
		{82493FD1-3FF6-4DA9-B3A0-35C52EF441EE}.Release|x86.ActiveCfg = Release|Any CPU
		{82493FD1-3FF6-4DA9-B3A0-35C52EF441EE}.Release|x86.Build.0 = Release|Any CPU
		{7E2BBC37-1BD7-478E-A5E1-43D2A3D155CD}.Debug|Any CPU.ActiveCfg = Debug|Any CPU
		{7E2BBC37-1BD7-478E-A5E1-43D2A3D155CD}.Debug|Any CPU.Build.0 = Debug|Any CPU
		{7E2BBC37-1BD7-478E-A5E1-43D2A3D155CD}.Debug|x64.ActiveCfg = Debug|Any CPU
		{7E2BBC37-1BD7-478E-A5E1-43D2A3D155CD}.Debug|x64.Build.0 = Debug|Any CPU
		{7E2BBC37-1BD7-478E-A5E1-43D2A3D155CD}.Debug|x86.ActiveCfg = Debug|Any CPU
		{7E2BBC37-1BD7-478E-A5E1-43D2A3D155CD}.Debug|x86.Build.0 = Debug|Any CPU
		{7E2BBC37-1BD7-478E-A5E1-43D2A3D155CD}.Release|Any CPU.ActiveCfg = Release|Any CPU
		{7E2BBC37-1BD7-478E-A5E1-43D2A3D155CD}.Release|Any CPU.Build.0 = Release|Any CPU
		{7E2BBC37-1BD7-478E-A5E1-43D2A3D155CD}.Release|x64.ActiveCfg = Release|Any CPU
		{7E2BBC37-1BD7-478E-A5E1-43D2A3D155CD}.Release|x64.Build.0 = Release|Any CPU
		{7E2BBC37-1BD7-478E-A5E1-43D2A3D155CD}.Release|x86.ActiveCfg = Release|Any CPU
		{7E2BBC37-1BD7-478E-A5E1-43D2A3D155CD}.Release|x86.Build.0 = Release|Any CPU
	EndGlobalSection
	GlobalSection(SolutionProperties) = preSolution
		HideSolutionNode = FALSE
	EndGlobalSection
	GlobalSection(NestedProjects) = preSolution
		{8DED7314-E9BE-44E2-A539-216E78B8C990} = {827E0CD3-B72D-47B6-A68D-7590B98EB39B}
		{67BE19F4-1DE1-4269-BE86-AFCA0C95EBE1} = {827E0CD3-B72D-47B6-A68D-7590B98EB39B}
		{CDF31619-DB1B-4638-94AB-A1AB1FA67E9F} = {827E0CD3-B72D-47B6-A68D-7590B98EB39B}
		{6566C9A6-48A3-4DBE-A236-49C34CE2CF1C} = {827E0CD3-B72D-47B6-A68D-7590B98EB39B}
		{231DE075-97D3-441A-AD7B-F49C0D099CF4} = {827E0CD3-B72D-47B6-A68D-7590B98EB39B}
		{FF782290-EF3A-4172-9F17-6CE3A8281C71} = {827E0CD3-B72D-47B6-A68D-7590B98EB39B}
		{52FAD8EC-BFDC-42AF-9A4F-77DCFD76412B} = {0AB3BF05-4346-4AA6-1389-037BE0695223}
		{82493FD1-3FF6-4DA9-B3A0-35C52EF441EE} = {0AB3BF05-4346-4AA6-1389-037BE0695223}
		{7E2BBC37-1BD7-478E-A5E1-43D2A3D155CD} = {0AB3BF05-4346-4AA6-1389-037BE0695223}
	EndGlobalSection
EndGlobal
